
Microsoft Visual Studio Solution File, Format Version 12.00
# Visual Studio Version 17
VisualStudioVersion = 17.14.36908.2
MinimumVisualStudioVersion = 10.0.40219.1
Project("{8BC9CEB8-8B4A-11D0-8D11-00A0C91BC942}") = "CompilerTest", "CompilerTest\CompilerTest.vcxproj", "{A5CEE4CA-BC7B-4310-976A-DFE7B7F304BF}"
EndProject
Project("{8BC9CEB8-8B4A-11D0-8D11-00A0C91BC942}") = "inlineproject", "inlineproject\inlineproject.vcxproj", "{C8DC4192-9616-41FB-8F4C-0147883B4504}"
EndProject
Global
	GlobalSection(SolutionConfigurationPlatforms) = preSolution
		Debug|x64 = Debug|x64
		Debug|x86 = Debug|x86
		Release|x64 = Release|x64
		Release|x86 = Release|x86
	EndGlobalSection
	GlobalSection(ProjectConfigurationPlatforms) = postSolution
		{A5CEE4CA-BC7B-4310-976A-DFE7B7F304BF}.Debug|x64.ActiveCfg = Debug|x64
		{A5CEE4CA-BC7B-4310-976A-DFE7B7F304BF}.Debug|x64.Build.0 = Debug|x64
		{A5CEE4CA-BC7B-4310-976A-DFE7B7F304BF}.Debug|x86.ActiveCfg = Debug|Win32
		{A5CEE4CA-BC7B-4310-976A-DFE7B7F304BF}.Debug|x86.Build.0 = Debug|Win32
		{A5CEE4CA-BC7B-4310-976A-DFE7B7F304BF}.Release|x64.ActiveCfg = Release|x64
		{A5CEE4CA-BC7B-4310-976A-DFE7B7F304BF}.Release|x64.Build.0 = Release|x64
		{A5CEE4CA-BC7B-4310-976A-DFE7B7F304BF}.Release|x86.ActiveCfg = Release|Win32
		{A5CEE4CA-BC7B-4310-976A-DFE7B7F304BF}.Release|x86.Build.0 = Release|Win32
		{C8DC4192-9616-41FB-8F4C-0147883B4504}.Debug|x64.ActiveCfg = Debug|x64
		{C8DC4192-9616-41FB-8F4C-0147883B4504}.Debug|x64.Build.0 = Debug|x64
		{C8DC4192-9616-41FB-8F4C-0147883B4504}.Debug|x86.ActiveCfg = Debug|Win32
		{C8DC4192-9616-41FB-8F4C-0147883B4504}.Debug|x86.Build.0 = Debug|Win32
		{C8DC4192-9616-41FB-8F4C-0147883B4504}.Release|x64.ActiveCfg = Release|x64
		{C8DC4192-9616-41FB-8F4C-0147883B4504}.Release|x64.Build.0 = Release|x64
		{C8DC4192-9616-41FB-8F4C-0147883B4504}.Release|x86.ActiveCfg = Release|Win32
		{C8DC4192-9616-41FB-8F4C-0147883B4504}.Release|x86.Build.0 = Release|Win32
	EndGlobalSection
	GlobalSection(SolutionProperties) = preSolution
		HideSolutionNode = FALSE
	EndGlobalSection
	GlobalSection(ExtensibilityGlobals) = postSolution
		SolutionGuid = {B4F98559-C7E6-4587-BFCC-2F13FAF3438C}
	EndGlobalSection
EndGlobal
